
Microsoft Visual Studio Solution File, Format Version 12.00
# Visual Studio Version 17
VisualStudioVersion = 17.0.31612.314
MinimumVisualStudioVersion = 10.0.40219.1
Project("{FAE04EC0-301F-11D3-BF4B-00C04F79EFBC}") = "Donatello.Client", "Donatello\Client\Donatello.Client.csproj", "{937576F5-D13C-4AD1-81DE-AF4DB712BCC5}"
EndProject
Project("{FAE04EC0-301F-11D3-BF4B-00C04F79EFBC}") = "Donatello.Server", "Donatello\Server\Donatello.Server.csproj", "{3CD88DBF-B08B-4F13-8A68-BDE885725E61}"
EndProject
Project("{FAE04EC0-301F-11D3-BF4B-00C04F79EFBC}") = "Donatello.Shared", "Donatello\Shared\Donatello.Shared.csproj", "{BF20CCE4-69E7-41CF-B42D-E1E35C4E905D}"
EndProject
Global
	GlobalSection(SolutionConfigurationPlatforms) = preSolution
		Debug|Any CPU = Debug|Any CPU
		Release|Any CPU = Release|Any CPU
	EndGlobalSection
	GlobalSection(ProjectConfigurationPlatforms) = postSolution
		{937576F5-D13C-4AD1-81DE-AF4DB712BCC5}.Debug|Any CPU.ActiveCfg = Debug|Any CPU
		{937576F5-D13C-4AD1-81DE-AF4DB712BCC5}.Debug|Any CPU.Build.0 = Debug|Any CPU
		{937576F5-D13C-4AD1-81DE-AF4DB712BCC5}.Release|Any CPU.ActiveCfg = Release|Any CPU
		{937576F5-D13C-4AD1-81DE-AF4DB712BCC5}.Release|Any CPU.Build.0 = Release|Any CPU
		{3CD88DBF-B08B-4F13-8A68-BDE885725E61}.Debug|Any CPU.ActiveCfg = Debug|Any CPU
		{3CD88DBF-B08B-4F13-8A68-BDE885725E61}.Debug|Any CPU.Build.0 = Debug|Any CPU
		{3CD88DBF-B08B-4F13-8A68-BDE885725E61}.Release|Any CPU.ActiveCfg = Release|Any CPU
		{3CD88DBF-B08B-4F13-8A68-BDE885725E61}.Release|Any CPU.Build.0 = Release|Any CPU
		{BF20CCE4-69E7-41CF-B42D-E1E35C4E905D}.Debug|Any CPU.ActiveCfg = Debug|Any CPU
		{BF20CCE4-69E7-41CF-B42D-E1E35C4E905D}.Debug|Any CPU.Build.0 = Debug|Any CPU
		{BF20CCE4-69E7-41CF-B42D-E1E35C4E905D}.Release|Any CPU.ActiveCfg = Release|Any CPU
		{BF20CCE4-69E7-41CF-B42D-E1E35C4E905D}.Release|Any CPU.Build.0 = Release|Any CPU
	EndGlobalSection
	GlobalSection(SolutionProperties) = preSolution
		HideSolutionNode = FALSE
	EndGlobalSection
	GlobalSection(ExtensibilityGlobals) = postSolution
		SolutionGuid = {6EAE26D8-D5FD-4859-88C3-700BC2BC72A2}
	EndGlobalSection
EndGlobal
